
Microsoft Visual Studio Solution File, Format Version 11.00
# Visual C++ Express 2010
Project("{8BC9CEB8-8B4A-11D0-8D11-00A0C91BC942}") = "task4", "task4\task4.vcxproj", "{FD79E5CE-3C76-485A-AE73-376E7E49DD04}"
EndProject
Global
	GlobalSection(SolutionConfigurationPlatforms) = preSolution
		Debug|Win32 = Debug|Win32
		Release|Win32 = Release|Win32
	EndGlobalSection
	GlobalSection(ProjectConfigurationPlatforms) = postSolution
		{FD79E5CE-3C76-485A-AE73-376E7E49DD04}.Debug|Win32.ActiveCfg = Debug|Win32
		{FD79E5CE-3C76-485A-AE73-376E7E49DD04}.Debug|Win32.Build.0 = Debug|Win32
		{FD79E5CE-3C76-485A-AE73-376E7E49DD04}.Release|Win32.ActiveCfg = Release|Win32
		{FD79E5CE-3C76-485A-AE73-376E7E49DD04}.Release|Win32.Build.0 = Release|Win32
	EndGlobalSection
	GlobalSection(SolutionProperties) = preSolution
		HideSolutionNode = FALSE
	EndGlobalSection
EndGlobal
